
Microsoft Visual Studio Solution File, Format Version 12.00
# Visual Studio Version 17
VisualStudioVersion = 17.10.35013.160
MinimumVisualStudioVersion = 10.0.40219.1
Project("{FAE04EC0-301F-11D3-BF4B-00C04F79EFBC}") = "Soru_3_", "Soru_3_\Soru_3_.csproj", "{F564C77B-EC8A-48B2-87F6-38FDC7816973}"
EndProject
Global
	GlobalSection(SolutionConfigurationPlatforms) = preSolution
		Debug|Any CPU = Debug|Any CPU
		Release|Any CPU = Release|Any CPU
	EndGlobalSection
	GlobalSection(ProjectConfigurationPlatforms) = postSolution
		{F564C77B-EC8A-48B2-87F6-38FDC7816973}.Debug|Any CPU.ActiveCfg = Debug|Any CPU
		{F564C77B-EC8A-48B2-87F6-38FDC7816973}.Debug|Any CPU.Build.0 = Debug|Any CPU
		{F564C77B-EC8A-48B2-87F6-38FDC7816973}.Release|Any CPU.ActiveCfg = Release|Any CPU
		{F564C77B-EC8A-48B2-87F6-38FDC7816973}.Release|Any CPU.Build.0 = Release|Any CPU
	EndGlobalSection
	GlobalSection(SolutionProperties) = preSolution
		HideSolutionNode = FALSE
	EndGlobalSection
	GlobalSection(ExtensibilityGlobals) = postSolution
		SolutionGuid = {B33B12D3-46B1-4C9D-8A97-8548226D5513}
	EndGlobalSection
EndGlobal
